
Microsoft Visual Studio Solution File, Format Version 12.00
# Visual Studio Version 16
VisualStudioVersion = 16.0.31129.286
MinimumVisualStudioVersion = 10.0.40219.1
Project("{FAE04EC0-301F-11D3-BF4B-00C04F79EFBC}") = "openshiftapplication", "openshiftapplication\openshiftapplication.csproj", "{6EB2F6C2-12B9-44A9-A82E-1F82A15F6D0F}"
EndProject
Project("{FAE04EC0-301F-11D3-BF4B-00C04F79EFBC}") = "openshiftapplicationtest", "openshiftapplicationtest\openshiftapplicationtest.csproj", "{C53410D5-1DEC-49A6-B28A-18D20305650C}"
EndProject
Global
	GlobalSection(SolutionConfigurationPlatforms) = preSolution
		Debug|Any CPU = Debug|Any CPU
		Release|Any CPU = Release|Any CPU
	EndGlobalSection
	GlobalSection(ProjectConfigurationPlatforms) = postSolution
		{6EB2F6C2-12B9-44A9-A82E-1F82A15F6D0F}.Debug|Any CPU.ActiveCfg = Debug|Any CPU
		{6EB2F6C2-12B9-44A9-A82E-1F82A15F6D0F}.Debug|Any CPU.Build.0 = Debug|Any CPU
		{6EB2F6C2-12B9-44A9-A82E-1F82A15F6D0F}.Release|Any CPU.ActiveCfg = Release|Any CPU
		{6EB2F6C2-12B9-44A9-A82E-1F82A15F6D0F}.Release|Any CPU.Build.0 = Release|Any CPU
		{C53410D5-1DEC-49A6-B28A-18D20305650C}.Debug|Any CPU.ActiveCfg = Debug|Any CPU
		{C53410D5-1DEC-49A6-B28A-18D20305650C}.Debug|Any CPU.Build.0 = Debug|Any CPU
		{C53410D5-1DEC-49A6-B28A-18D20305650C}.Release|Any CPU.ActiveCfg = Release|Any CPU
		{C53410D5-1DEC-49A6-B28A-18D20305650C}.Release|Any CPU.Build.0 = Release|Any CPU
	EndGlobalSection
	GlobalSection(SolutionProperties) = preSolution
		HideSolutionNode = FALSE
	EndGlobalSection
	GlobalSection(ExtensibilityGlobals) = postSolution
		SolutionGuid = {45F9928F-51A7-4E3E-BE7D-DBD9F3306FD6}
	EndGlobalSection
EndGlobal
